
Microsoft Visual Studio Solution File, Format Version 12.00
# Visual Studio Version 16
VisualStudioVersion = 16.0.30011.22
MinimumVisualStudioVersion = 10.0.40219.1
Project("{2150E333-8FDC-42A3-9474-1A3956D46DE8}") = "src", "src", "{17D0648C-C73C-45B9-9F18-09F2EC133F6D}"
EndProject
Project("{2150E333-8FDC-42A3-9474-1A3956D46DE8}") = "Solution Items", "Solution Items", "{92656DEA-8893-44A4-8B61-2B3C9A32967F}"
	ProjectSection(SolutionItems) = preProject
		.gitignore = .gitignore
		CONTRIBUTING.md = CONTRIBUTING.md
		LICENSE = LICENSE
		README.md = README.md
	EndProjectSection
EndProject
Project("{2150E333-8FDC-42A3-9474-1A3956D46DE8}") = "test", "test", "{E9262FCE-9E56-4E6E-9CA7-90BC9639AE84}"
EndProject
Project("{9A19103F-16F7-4668-BE54-9A1E7A4F7556}") = "Wilcommerce.Catalog", "src\Wilcommerce.Catalog\Wilcommerce.Catalog.csproj", "{F7052383-5A0C-4CEB-B9E7-4C7EB2C3C6EB}"
EndProject
Project("{FAE04EC0-301F-11D3-BF4B-00C04F79EFBC}") = "Wilcommerce.Catalog.Test", "Wilcommerce.Catalog.Test\Wilcommerce.Catalog.Test.csproj", "{8CE76F36-C118-46BF-8205-EF844B9C7330}"
EndProject
Global
	GlobalSection(SolutionConfigurationPlatforms) = preSolution
		Debug|Any CPU = Debug|Any CPU
		Release|Any CPU = Release|Any CPU
	EndGlobalSection
	GlobalSection(ProjectConfigurationPlatforms) = postSolution
		{F7052383-5A0C-4CEB-B9E7-4C7EB2C3C6EB}.Debug|Any CPU.ActiveCfg = Debug|Any CPU
		{F7052383-5A0C-4CEB-B9E7-4C7EB2C3C6EB}.Debug|Any CPU.Build.0 = Debug|Any CPU
		{F7052383-5A0C-4CEB-B9E7-4C7EB2C3C6EB}.Release|Any CPU.ActiveCfg = Release|Any CPU
		{F7052383-5A0C-4CEB-B9E7-4C7EB2C3C6EB}.Release|Any CPU.Build.0 = Release|Any CPU
		{8CE76F36-C118-46BF-8205-EF844B9C7330}.Debug|Any CPU.ActiveCfg = Debug|Any CPU
		{8CE76F36-C118-46BF-8205-EF844B9C7330}.Debug|Any CPU.Build.0 = Debug|Any CPU
		{8CE76F36-C118-46BF-8205-EF844B9C7330}.Release|Any CPU.ActiveCfg = Release|Any CPU
		{8CE76F36-C118-46BF-8205-EF844B9C7330}.Release|Any CPU.Build.0 = Release|Any CPU
	EndGlobalSection
	GlobalSection(SolutionProperties) = preSolution
		HideSolutionNode = FALSE
	EndGlobalSection
	GlobalSection(NestedProjects) = preSolution
		{F7052383-5A0C-4CEB-B9E7-4C7EB2C3C6EB} = {17D0648C-C73C-45B9-9F18-09F2EC133F6D}
		{8CE76F36-C118-46BF-8205-EF844B9C7330} = {E9262FCE-9E56-4E6E-9CA7-90BC9639AE84}
	EndGlobalSection
	GlobalSection(ExtensibilityGlobals) = postSolution
		SolutionGuid = {0BDAED63-DC5E-4FC5-8BDC-94BD12A98405}
	EndGlobalSection
EndGlobal
